
Microsoft Visual Studio Solution File, Format Version 12.00
# Visual Studio Version 17
VisualStudioVersion = 17.11.35327.3
MinimumVisualStudioVersion = 10.0.40219.1
Project("{FAE04EC0-301F-11D3-BF4B-00C04F79EFBC}") = "15.CicloWhile", "15.CicloWhile\15.CicloWhile.csproj", "{D2EB3B5D-3FA5-4028-BC76-4A5383CDA9D2}"
EndProject
Global
	GlobalSection(SolutionConfigurationPlatforms) = preSolution
		Debug|Any CPU = Debug|Any CPU
		Release|Any CPU = Release|Any CPU
	EndGlobalSection
	GlobalSection(ProjectConfigurationPlatforms) = postSolution
		{D2EB3B5D-3FA5-4028-BC76-4A5383CDA9D2}.Debug|Any CPU.ActiveCfg = Debug|Any CPU
		{D2EB3B5D-3FA5-4028-BC76-4A5383CDA9D2}.Debug|Any CPU.Build.0 = Debug|Any CPU
		{D2EB3B5D-3FA5-4028-BC76-4A5383CDA9D2}.Release|Any CPU.ActiveCfg = Release|Any CPU
		{D2EB3B5D-3FA5-4028-BC76-4A5383CDA9D2}.Release|Any CPU.Build.0 = Release|Any CPU
	EndGlobalSection
	GlobalSection(SolutionProperties) = preSolution
		HideSolutionNode = FALSE
	EndGlobalSection
	GlobalSection(ExtensibilityGlobals) = postSolution
		SolutionGuid = {72B6AD1A-877D-426B-BD39-42A8010B1420}
	EndGlobalSection
EndGlobal
