
Microsoft Visual Studio Solution File, Format Version 12.00
# Visual Studio Version 17
VisualStudioVersion = 17.11.35327.3
MinimumVisualStudioVersion = 10.0.40219.1
Project("{FAE04EC0-301F-11D3-BF4B-00C04F79EFBC}") = "33.Taller Programacion Modular", "33.Taller Programacion Modular\33.Taller Programacion Modular.csproj", "{80EFAC7F-8F1F-4A0A-B4D4-7F8A5DE40DFD}"
EndProject
Global
	GlobalSection(SolutionConfigurationPlatforms) = preSolution
		Debug|Any CPU = Debug|Any CPU
		Release|Any CPU = Release|Any CPU
	EndGlobalSection
	GlobalSection(ProjectConfigurationPlatforms) = postSolution
		{80EFAC7F-8F1F-4A0A-B4D4-7F8A5DE40DFD}.Debug|Any CPU.ActiveCfg = Debug|Any CPU
		{80EFAC7F-8F1F-4A0A-B4D4-7F8A5DE40DFD}.Debug|Any CPU.Build.0 = Debug|Any CPU
		{80EFAC7F-8F1F-4A0A-B4D4-7F8A5DE40DFD}.Release|Any CPU.ActiveCfg = Release|Any CPU
		{80EFAC7F-8F1F-4A0A-B4D4-7F8A5DE40DFD}.Release|Any CPU.Build.0 = Release|Any CPU
	EndGlobalSection
	GlobalSection(SolutionProperties) = preSolution
		HideSolutionNode = FALSE
	EndGlobalSection
	GlobalSection(ExtensibilityGlobals) = postSolution
		SolutionGuid = {FCD2CFB4-EF90-44B7-8CAA-9458A6F50095}
	EndGlobalSection
EndGlobal
