
Microsoft Visual Studio Solution File, Format Version 12.00
# Visual Studio Version 17
VisualStudioVersion = 17.11.35327.3
MinimumVisualStudioVersion = 10.0.40219.1
Project("{FAE04EC0-301F-11D3-BF4B-00C04F79EFBC}") = "11.CicloWhile", "11.CicloWhile\11.CicloWhile.csproj", "{53A73036-EE69-492D-B40C-166F69A30001}"
EndProject
Global
	GlobalSection(SolutionConfigurationPlatforms) = preSolution
		Debug|Any CPU = Debug|Any CPU
		Release|Any CPU = Release|Any CPU
	EndGlobalSection
	GlobalSection(ProjectConfigurationPlatforms) = postSolution
		{53A73036-EE69-492D-B40C-166F69A30001}.Debug|Any CPU.ActiveCfg = Debug|Any CPU
		{53A73036-EE69-492D-B40C-166F69A30001}.Debug|Any CPU.Build.0 = Debug|Any CPU
		{53A73036-EE69-492D-B40C-166F69A30001}.Release|Any CPU.ActiveCfg = Release|Any CPU
		{53A73036-EE69-492D-B40C-166F69A30001}.Release|Any CPU.Build.0 = Release|Any CPU
	EndGlobalSection
	GlobalSection(SolutionProperties) = preSolution
		HideSolutionNode = FALSE
	EndGlobalSection
	GlobalSection(ExtensibilityGlobals) = postSolution
		SolutionGuid = {1D16D80F-B630-40CC-AB82-3CBED8B93785}
	EndGlobalSection
EndGlobal
